
Microsoft Visual Studio Solution File, Format Version 12.00
# Visual Studio Version 17
VisualStudioVersion = 17.14.37111.16 d17.14
MinimumVisualStudioVersion = 10.0.40219.1
Project("{FAE04EC0-301F-11D3-BF4B-00C04F79EFBC}") = "progettoTorneoVideogiochi", "progettoTorneoVideogiochi\progettoTorneoVideogiochi.csproj", "{1B1336EA-58C1-4405-A326-49B6D0246C42}"
EndProject
Global
	GlobalSection(SolutionConfigurationPlatforms) = preSolution
		Debug|Any CPU = Debug|Any CPU
		Release|Any CPU = Release|Any CPU
	EndGlobalSection
	GlobalSection(ProjectConfigurationPlatforms) = postSolution
		{1B1336EA-58C1-4405-A326-49B6D0246C42}.Debug|Any CPU.ActiveCfg = Debug|Any CPU
		{1B1336EA-58C1-4405-A326-49B6D0246C42}.Debug|Any CPU.Build.0 = Debug|Any CPU
		{1B1336EA-58C1-4405-A326-49B6D0246C42}.Release|Any CPU.ActiveCfg = Release|Any CPU
		{1B1336EA-58C1-4405-A326-49B6D0246C42}.Release|Any CPU.Build.0 = Release|Any CPU
	EndGlobalSection
	GlobalSection(SolutionProperties) = preSolution
		HideSolutionNode = FALSE
	EndGlobalSection
	GlobalSection(ExtensibilityGlobals) = postSolution
		SolutionGuid = {2E34C771-AA0F-473C-A3A9-8C1359CE808C}
	EndGlobalSection
EndGlobal
